// !$*UTF8*$!
{
	archiveVersion = 1;
	classes = {
	};
	objectVersion = 56;
	objects = {

/* Begin PBXBuildFile section */
		E1AE29FB2A5BE65200701F6B /* AppDelegate.m in Sources */ = {isa = PBXBuildFile; fileRef = E1AE29FA2A5BE65200701F6B /* AppDelegate.m */; };
		E1AE29FE2A5BE65200701F6B /* SceneDelegate.m in Sources */ = {isa = PBXBuildFile; fileRef = E1AE29FD2A5BE65200701F6B /* SceneDelegate.m */; };
		E1AE2A042A5BE65200701F6B /* Main.storyboard in Resources */ = {isa = PBXBuildFile; fileRef = E1AE2A022A5BE65200701F6B /* Main.storyboard */; };
		E1AE2A062A5BE65400701F6B /* Assets.xcassets in Resources */ = {isa = PBXBuildFile; fileRef = E1AE2A052A5BE65400701F6B /* Assets.xcassets */; };
		E1AE2A092A5BE65400701F6B /* LaunchScreen.storyboard in Resources */ = {isa = PBXBuildFile; fileRef = E1AE2A072A5BE65400701F6B /* LaunchScreen.storyboard */; };
		E1AE2A0C2A5BE65400701F6B /* main.m in Sources */ = {isa = PBXBuildFile; fileRef = E1AE2A0B2A5BE65400701F6B /* main.m */; };
		E1AE2A132A5CEC1500701F6B /* ViewController.mm in Sources */ = {isa = PBXBuildFile; fileRef = E1AE2A122A5CEC1500701F6B /* ViewController.mm */; };
		E1AE2A432A5CF3A800701F6B /* GenerateTestUserSig.m in Sources */ = {isa = PBXBuildFile; fileRef = E1AE2A412A5CF3A800701F6B /* GenerateTestUserSig.m */; };
/* End PBXBuildFile section */

/* Begin PBXCopyFilesBuildPhase section */
		E1AE2A3C2A5CEF1F00701F6B /* Embed Frameworks */ = {
			isa = PBXCopyFilesBuildPhase;
			buildActionMask = 2147483647;
			dstPath = "";
			dstSubfolderSpec = 10;
			files = (
			);
			name = "Embed Frameworks";
			runOnlyForDeploymentPostprocessing = 0;
		};
/* End PBXCopyFilesBuildPhase section */

/* Begin PBXFileReference section */
		E1AE29F62A5BE65200701F6B /* tccc-user-ios-example.app */ = {isa = PBXFileReference; explicitFileType = wrapper.application; includeInIndex = 0; path = "tccc-user-ios-example.app"; sourceTree = BUILT_PRODUCTS_DIR; };
		E1AE29F92A5BE65200701F6B /* AppDelegate.h */ = {isa = PBXFileReference; lastKnownFileType = sourcecode.c.h; path = AppDelegate.h; sourceTree = "<group>"; };
		E1AE29FA2A5BE65200701F6B /* AppDelegate.m */ = {isa = PBXFileReference; lastKnownFileType = sourcecode.c.objc; path = AppDelegate.m; sourceTree = "<group>"; };
		E1AE29FC2A5BE65200701F6B /* SceneDelegate.h */ = {isa = PBXFileReference; lastKnownFileType = sourcecode.c.h; path = SceneDelegate.h; sourceTree = "<group>"; };
		E1AE29FD2A5BE65200701F6B /* SceneDelegate.m */ = {isa = PBXFileReference; lastKnownFileType = sourcecode.c.objc; path = SceneDelegate.m; sourceTree = "<group>"; };
		E1AE29FF2A5BE65200701F6B /* ViewController.h */ = {isa = PBXFileReference; lastKnownFileType = sourcecode.c.h; path = ViewController.h; sourceTree = "<group>"; };
		E1AE2A032A5BE65200701F6B /* Base */ = {isa = PBXFileReference; lastKnownFileType = file.storyboard; name = Base; path = Base.lproj/Main.storyboard; sourceTree = "<group>"; };
		E1AE2A052A5BE65400701F6B /* Assets.xcassets */ = {isa = PBXFileReference; lastKnownFileType = folder.assetcatalog; path = Assets.xcassets; sourceTree = "<group>"; };
		E1AE2A082A5BE65400701F6B /* Base */ = {isa = PBXFileReference; lastKnownFileType = file.storyboard; name = Base; path = Base.lproj/LaunchScreen.storyboard; sourceTree = "<group>"; };
		E1AE2A0A2A5BE65400701F6B /* Info.plist */ = {isa = PBXFileReference; lastKnownFileType = text.plist.xml; path = Info.plist; sourceTree = "<group>"; };
		E1AE2A0B2A5BE65400701F6B /* main.m */ = {isa = PBXFileReference; lastKnownFileType = sourcecode.c.objc; path = main.m; sourceTree = "<group>"; };
		E1AE2A122A5CEC1500701F6B /* ViewController.mm */ = {isa = PBXFileReference; fileEncoding = 4; lastKnownFileType = sourcecode.cpp.objcpp; path = ViewController.mm; sourceTree = "<group>"; };
		E1AE2A1A2A5CEDDA00701F6B /* TCCCCloud.framework */ = {isa = PBXFileReference; lastKnownFileType = wrapper.framework; name = TCCCCloud.framework; path = "tccc-user-ios-example/framework/TCCCCloud.framework"; sourceTree = "<group>"; };
		E1AE2A1C2A5CEDE700701F6B /* TXFFmpeg.xcframework */ = {isa = PBXFileReference; lastKnownFileType = wrapper.xcframework; name = TXFFmpeg.xcframework; path = "tccc-user-ios-example/framework/TXFFmpeg.xcframework"; sourceTree = "<group>"; };
		E1AE2A1E2A5CEDF400701F6B /* TXSoundTouch.xcframework */ = {isa = PBXFileReference; lastKnownFileType = wrapper.xcframework; name = TXSoundTouch.xcframework; path = "tccc-user-ios-example/framework/TXSoundTouch.xcframework"; sourceTree = "<group>"; };
		E1AE2A202A5CEE0200701F6B /* GLKit.framework */ = {isa = PBXFileReference; lastKnownFileType = wrapper.framework; name = GLKit.framework; path = System/Library/Frameworks/GLKit.framework; sourceTree = SDKROOT; };
		E1AE2A222A5CEE0B00701F6B /* AssetsLibrary.framework */ = {isa = PBXFileReference; lastKnownFileType = wrapper.framework; name = AssetsLibrary.framework; path = System/Library/Frameworks/AssetsLibrary.framework; sourceTree = SDKROOT; };
		E1AE2A242A5CEE1300701F6B /* SystemConfiguration.framework */ = {isa = PBXFileReference; lastKnownFileType = wrapper.framework; name = SystemConfiguration.framework; path = System/Library/Frameworks/SystemConfiguration.framework; sourceTree = SDKROOT; };
		E1AE2A262A5CEE1D00701F6B /* libsqlite3.0.tbd */ = {isa = PBXFileReference; lastKnownFileType = "sourcecode.text-based-dylib-definition"; name = libsqlite3.0.tbd; path = usr/lib/libsqlite3.0.tbd; sourceTree = SDKROOT; };
		E1AE2A282A5CEE2500701F6B /* CoreTelephony.framework */ = {isa = PBXFileReference; lastKnownFileType = wrapper.framework; name = CoreTelephony.framework; path = System/Library/Frameworks/CoreTelephony.framework; sourceTree = SDKROOT; };
		E1AE2A2A2A5CEE2E00701F6B /* AVFoundation.framework */ = {isa = PBXFileReference; lastKnownFileType = wrapper.framework; name = AVFoundation.framework; path = System/Library/Frameworks/AVFoundation.framework; sourceTree = SDKROOT; };
		E1AE2A2C2A5CEE3700701F6B /* OpenGLES.framework */ = {isa = PBXFileReference; lastKnownFileType = wrapper.framework; name = OpenGLES.framework; path = System/Library/Frameworks/OpenGLES.framework; sourceTree = SDKROOT; };
		E1AE2A2E2A5CEE3F00701F6B /* Accelerate.framework */ = {isa = PBXFileReference; lastKnownFileType = wrapper.framework; name = Accelerate.framework; path = System/Library/Frameworks/Accelerate.framework; sourceTree = SDKROOT; };
		E1AE2A302A5CEE4700701F6B /* MetalKit.framework */ = {isa = PBXFileReference; lastKnownFileType = wrapper.framework; name = MetalKit.framework; path = System/Library/Frameworks/MetalKit.framework; sourceTree = SDKROOT; };
		E1AE2A322A5CEE5400701F6B /* libresolv.tbd */ = {isa = PBXFileReference; lastKnownFileType = "sourcecode.text-based-dylib-definition"; name = libresolv.tbd; path = usr/lib/libresolv.tbd; sourceTree = SDKROOT; };
		E1AE2A342A5CEE5B00701F6B /* MobileCoreServices.framework */ = {isa = PBXFileReference; lastKnownFileType = wrapper.framework; name = MobileCoreServices.framework; path = System/Library/Frameworks/MobileCoreServices.framework; sourceTree = SDKROOT; };
		E1AE2A362A5CEE6600701F6B /* libc++.tbd */ = {isa = PBXFileReference; lastKnownFileType = "sourcecode.text-based-dylib-definition"; name = "libc++.tbd"; path = "usr/lib/libc++.tbd"; sourceTree = SDKROOT; };
		E1AE2A382A5CEE6E00701F6B /* CoreMedia.framework */ = {isa = PBXFileReference; lastKnownFileType = wrapper.framework; name = CoreMedia.framework; path = System/Library/Frameworks/CoreMedia.framework; sourceTree = SDKROOT; };
		E1AE2A412A5CF3A800701F6B /* GenerateTestUserSig.m */ = {isa = PBXFileReference; fileEncoding = 4; lastKnownFileType = sourcecode.c.objc; path = GenerateTestUserSig.m; sourceTree = "<group>"; };
		E1AE2A422A5CF3A800701F6B /* GenerateTestUserSig.h */ = {isa = PBXFileReference; fileEncoding = 4; lastKnownFileType = sourcecode.c.h; path = GenerateTestUserSig.h; sourceTree = "<group>"; };
/* End PBXFileReference section */

/* Begin PBXFrameworksBuildPhase section */
		E1AE29F32A5BE65200701F6B /* Frameworks */ = {
			isa = PBXFrameworksBuildPhase;
			buildActionMask = 2147483647;
			files = (
			);
			runOnlyForDeploymentPostprocessing = 0;
		};
/* End PBXFrameworksBuildPhase section */

/* Begin PBXGroup section */
		E1AE29ED2A5BE65200701F6B = {
			isa = PBXGroup;
			children = (
				E1AE29F82A5BE65200701F6B /* tccc-user-ios-example */,
				E1AE29F72A5BE65200701F6B /* Products */,
				E1AE2A192A5CEDD900701F6B /* Frameworks */,
			);
			sourceTree = "<group>";
		};
		E1AE29F72A5BE65200701F6B /* Products */ = {
			isa = PBXGroup;
			children = (
				E1AE29F62A5BE65200701F6B /* tccc-user-ios-example.app */,
			);
			name = Products;
			sourceTree = "<group>";
		};
		E1AE29F82A5BE65200701F6B /* tccc-user-ios-example */ = {
			isa = PBXGroup;
			children = (
				E1AE2A152A5CEC8300701F6B /* Debug */,
				E1AE2A122A5CEC1500701F6B /* ViewController.mm */,
				E1AE29F92A5BE65200701F6B /* AppDelegate.h */,
				E1AE29FA2A5BE65200701F6B /* AppDelegate.m */,
				E1AE29FC2A5BE65200701F6B /* SceneDelegate.h */,
				E1AE29FD2A5BE65200701F6B /* SceneDelegate.m */,
				E1AE29FF2A5BE65200701F6B /* ViewController.h */,
				E1AE2A022A5BE65200701F6B /* Main.storyboard */,
				E1AE2A052A5BE65400701F6B /* Assets.xcassets */,
				E1AE2A072A5BE65400701F6B /* LaunchScreen.storyboard */,
				E1AE2A0A2A5BE65400701F6B /* Info.plist */,
				E1AE2A0B2A5BE65400701F6B /* main.m */,
			);
			path = "tccc-user-ios-example";
			sourceTree = "<group>";
		};
		E1AE2A152A5CEC8300701F6B /* Debug */ = {
			isa = PBXGroup;
			children = (
				E1AE2A422A5CF3A800701F6B /* GenerateTestUserSig.h */,
				E1AE2A412A5CF3A800701F6B /* GenerateTestUserSig.m */,
			);
			path = Debug;
			sourceTree = "<group>";
		};
		E1AE2A192A5CEDD900701F6B /* Frameworks */ = {
			isa = PBXGroup;
			children = (
				E1AE2A382A5CEE6E00701F6B /* CoreMedia.framework */,
				E1AE2A362A5CEE6600701F6B /* libc++.tbd */,
				E1AE2A342A5CEE5B00701F6B /* MobileCoreServices.framework */,
				E1AE2A322A5CEE5400701F6B /* libresolv.tbd */,
				E1AE2A302A5CEE4700701F6B /* MetalKit.framework */,
				E1AE2A2E2A5CEE3F00701F6B /* Accelerate.framework */,
				E1AE2A2C2A5CEE3700701F6B /* OpenGLES.framework */,
				E1AE2A2A2A5CEE2E00701F6B /* AVFoundation.framework */,
				E1AE2A282A5CEE2500701F6B /* CoreTelephony.framework */,
				E1AE2A262A5CEE1D00701F6B /* libsqlite3.0.tbd */,
				E1AE2A242A5CEE1300701F6B /* SystemConfiguration.framework */,
				E1AE2A222A5CEE0B00701F6B /* AssetsLibrary.framework */,
				E1AE2A202A5CEE0200701F6B /* GLKit.framework */,
				E1AE2A1E2A5CEDF400701F6B /* TXSoundTouch.xcframework */,
				E1AE2A1C2A5CEDE700701F6B /* TXFFmpeg.xcframework */,
				E1AE2A1A2A5CEDDA00701F6B /* TCCCCloud.framework */,
			);
			name = Frameworks;
			sourceTree = "<group>";
		};
/* End PBXGroup section */

/* Begin PBXNativeTarget section */
		E1AE29F52A5BE65200701F6B /* tccc-user-ios-example */ = {
			isa = PBXNativeTarget;
			buildConfigurationList = E1AE2A0F2A5BE65400701F6B /* Build configuration list for PBXNativeTarget "tccc-user-ios-example" */;
			buildPhases = (
				E1AE29F22A5BE65200701F6B /* Sources */,
				E1AE29F32A5BE65200701F6B /* Frameworks */,
				E1AE29F42A5BE65200701F6B /* Resources */,
				E1AE2A3C2A5CEF1F00701F6B /* Embed Frameworks */,
			);
			buildRules = (
			);
			dependencies = (
			);
			name = "tccc-user-ios-example";
			productName = "tccc-user-ios-example";
			productReference = E1AE29F62A5BE65200701F6B /* tccc-user-ios-example.app */;
			productType = "com.apple.product-type.application";
		};
/* End PBXNativeTarget section */

/* Begin PBXProject section */
		E1AE29EE2A5BE65200701F6B /* Project object */ = {
			isa = PBXProject;
			attributes = {
				BuildIndependentTargetsInParallel = 1;
				LastUpgradeCheck = 1420;
				TargetAttributes = {
					E1AE29F52A5BE65200701F6B = {
						CreatedOnToolsVersion = 14.2;
					};
				};
			};
			buildConfigurationList = E1AE29F12A5BE65200701F6B /* Build configuration list for PBXProject "tccc-user-ios-example" */;
			compatibilityVersion = "Xcode 14.0";
			developmentRegion = en;
			hasScannedForEncodings = 0;
			knownRegions = (
				en,
				Base,
			);
			mainGroup = E1AE29ED2A5BE65200701F6B;
			productRefGroup = E1AE29F72A5BE65200701F6B /* Products */;
			projectDirPath = "";
			projectRoot = "";
			targets = (
				E1AE29F52A5BE65200701F6B /* tccc-user-ios-example */,
			);
		};
/* End PBXProject section */

/* Begin PBXResourcesBuildPhase section */
		E1AE29F42A5BE65200701F6B /* Resources */ = {
			isa = PBXResourcesBuildPhase;
			buildActionMask = 2147483647;
			files = (
				E1AE2A092A5BE65400701F6B /* LaunchScreen.storyboard in Resources */,
				E1AE2A062A5BE65400701F6B /* Assets.xcassets in Resources */,
				E1AE2A042A5BE65200701F6B /* Main.storyboard in Resources */,
			);
			runOnlyForDeploymentPostprocessing = 0;
		};
/* End PBXResourcesBuildPhase section */

/* Begin PBXSourcesBuildPhase section */
		E1AE29F22A5BE65200701F6B /* Sources */ = {
			isa = PBXSourcesBuildPhase;
			buildActionMask = 2147483647;
			files = (
				E1AE29FB2A5BE65200701F6B /* AppDelegate.m in Sources */,
				E1AE2A132A5CEC1500701F6B /* ViewController.mm in Sources */,
				E1AE2A0C2A5BE65400701F6B /* main.m in Sources */,
				E1AE2A432A5CF3A800701F6B /* GenerateTestUserSig.m in Sources */,
				E1AE29FE2A5BE65200701F6B /* SceneDelegate.m in Sources */,
			);
			runOnlyForDeploymentPostprocessing = 0;
		};
/* End PBXSourcesBuildPhase section */

/* Begin PBXVariantGroup section */
		E1AE2A022A5BE65200701F6B /* Main.storyboard */ = {
			isa = PBXVariantGroup;
			children = (
				E1AE2A032A5BE65200701F6B /* Base */,
			);
			name = Main.storyboard;
			sourceTree = "<group>";
		};
		E1AE2A072A5BE65400701F6B /* LaunchScreen.storyboard */ = {
			isa = PBXVariantGroup;
			children = (
				E1AE2A082A5BE65400701F6B /* Base */,
			);
			name = LaunchScreen.storyboard;
			sourceTree = "<group>";
		};
/* End PBXVariantGroup section */

/* Begin XCBuildConfiguration section */
		E1AE2A0D2A5BE65400701F6B /* Debug */ = {
			isa = XCBuildConfiguration;
			buildSettings = {
				ALWAYS_SEARCH_USER_PATHS = NO;
				CLANG_ANALYZER_NONNULL = YES;
				CLANG_ANALYZER_NUMBER_OBJECT_CONVERSION = YES_AGGRESSIVE;
				CLANG_CXX_LANGUAGE_STANDARD = "gnu++20";
				CLANG_ENABLE_MODULES = YES;
				CLANG_ENABLE_OBJC_ARC = YES;
				CLANG_ENABLE_OBJC_WEAK = YES;
				CLANG_WARN_BLOCK_CAPTURE_AUTORELEASING = YES;
				CLANG_WARN_BOOL_CONVERSION = YES;
				CLANG_WARN_COMMA = YES;
				CLANG_WARN_CONSTANT_CONVERSION = YES;
				CLANG_WARN_DEPRECATED_OBJC_IMPLEMENTATIONS = YES;
				CLANG_WARN_DIRECT_OBJC_ISA_USAGE = YES_ERROR;
				CLANG_WARN_DOCUMENTATION_COMMENTS = YES;
				CLANG_WARN_EMPTY_BODY = YES;
				CLANG_WARN_ENUM_CONVERSION = YES;
				CLANG_WARN_INFINITE_RECURSION = YES;
				CLANG_WARN_INT_CONVERSION = YES;
				CLANG_WARN_NON_LITERAL_NULL_CONVERSION = YES;
				CLANG_WARN_OBJC_IMPLICIT_RETAIN_SELF = YES;
				CLANG_WARN_OBJC_LITERAL_CONVERSION = YES;
				CLANG_WARN_OBJC_ROOT_CLASS = YES_ERROR;
				CLANG_WARN_QUOTED_INCLUDE_IN_FRAMEWORK_HEADER = YES;
				CLANG_WARN_RANGE_LOOP_ANALYSIS = YES;
				CLANG_WARN_STRICT_PROTOTYPES = YES;
				CLANG_WARN_SUSPICIOUS_MOVE = YES;
				CLANG_WARN_UNGUARDED_AVAILABILITY = YES_AGGRESSIVE;
				CLANG_WARN_UNREACHABLE_CODE = YES;
				CLANG_WARN__DUPLICATE_METHOD_MATCH = YES;
				COPY_PHASE_STRIP = NO;
				DEBUG_INFORMATION_FORMAT = dwarf;
				ENABLE_STRICT_OBJC_MSGSEND = YES;
				ENABLE_TESTABILITY = YES;
				GCC_C_LANGUAGE_STANDARD = gnu11;
				GCC_DYNAMIC_NO_PIC = NO;
				GCC_NO_COMMON_BLOCKS = YES;
				GCC_OPTIMIZATION_LEVEL = 0;
				GCC_PREPROCESSOR_DEFINITIONS = (
					"DEBUG=1",
					"$(inherited)",
				);
				GCC_WARN_64_TO_32_BIT_CONVERSION = YES;
				GCC_WARN_ABOUT_RETURN_TYPE = YES_ERROR;
				GCC_WARN_UNDECLARED_SELECTOR = YES;
				GCC_WARN_UNINITIALIZED_AUTOS = YES_AGGRESSIVE;
				GCC_WARN_UNUSED_FUNCTION = YES;
				GCC_WARN_UNUSED_VARIABLE = YES;
				IPHONEOS_DEPLOYMENT_TARGET = 16.2;
				MTL_ENABLE_DEBUG_INFO = INCLUDE_SOURCE;
				MTL_FAST_MATH = YES;
				ONLY_ACTIVE_ARCH = YES;
				SDKROOT = iphoneos;
			};
			name = Debug;
		};
		E1AE2A0E2A5BE65400701F6B /* Release */ = {
			isa = XCBuildConfiguration;
			buildSettings = {
				ALWAYS_SEARCH_USER_PATHS = NO;
				CLANG_ANALYZER_NONNULL = YES;
				CLANG_ANALYZER_NUMBER_OBJECT_CONVERSION = YES_AGGRESSIVE;
				CLANG_CXX_LANGUAGE_STANDARD = "gnu++20";
				CLANG_ENABLE_MODULES = YES;
				CLANG_ENABLE_OBJC_ARC = YES;
				CLANG_ENABLE_OBJC_WEAK = YES;
				CLANG_WARN_BLOCK_CAPTURE_AUTORELEASING = YES;
				CLANG_WARN_BOOL_CONVERSION = YES;
				CLANG_WARN_COMMA = YES;
				CLANG_WARN_CONSTANT_CONVERSION = YES;
				CLANG_WARN_DEPRECATED_OBJC_IMPLEMENTATIONS = YES;
				CLANG_WARN_DIRECT_OBJC_ISA_USAGE = YES_ERROR;
				CLANG_WARN_DOCUMENTATION_COMMENTS = YES;
				CLANG_WARN_EMPTY_BODY = YES;
				CLANG_WARN_ENUM_CONVERSION = YES;
				CLANG_WARN_INFINITE_RECURSION = YES;
				CLANG_WARN_INT_CONVERSION = YES;
				CLANG_WARN_NON_LITERAL_NULL_CONVERSION = YES;
				CLANG_WARN_OBJC_IMPLICIT_RETAIN_SELF = YES;
				CLANG_WARN_OBJC_LITERAL_CONVERSION = YES;
				CLANG_WARN_OBJC_ROOT_CLASS = YES_ERROR;
				CLANG_WARN_QUOTED_INCLUDE_IN_FRAMEWORK_HEADER = YES;
				CLANG_WARN_RANGE_LOOP_ANALYSIS = YES;
				CLANG_WARN_STRICT_PROTOTYPES = YES;
				CLANG_WARN_SUSPICIOUS_MOVE = YES;
				CLANG_WARN_UNGUARDED_AVAILABILITY = YES_AGGRESSIVE;
				CLANG_WARN_UNREACHABLE_CODE = YES;
				CLANG_WARN__DUPLICATE_METHOD_MATCH = YES;
				COPY_PHASE_STRIP = NO;
				DEBUG_INFORMATION_FORMAT = "dwarf-with-dsym";
				ENABLE_NS_ASSERTIONS = NO;
				ENABLE_STRICT_OBJC_MSGSEND = YES;
				GCC_C_LANGUAGE_STANDARD = gnu11;
				GCC_NO_COMMON_BLOCKS = YES;
				GCC_WARN_64_TO_32_BIT_CONVERSION = YES;
				GCC_WARN_ABOUT_RETURN_TYPE = YES_ERROR;
				GCC_WARN_UNDECLARED_SELECTOR = YES;
				GCC_WARN_UNINITIALIZED_AUTOS = YES_AGGRESSIVE;
				GCC_WARN_UNUSED_FUNCTION = YES;
				GCC_WARN_UNUSED_VARIABLE = YES;
				IPHONEOS_DEPLOYMENT_TARGET = 16.2;
				MTL_ENABLE_DEBUG_INFO = NO;
				MTL_FAST_MATH = YES;
				SDKROOT = iphoneos;
				VALIDATE_PRODUCT = YES;
			};
			name = Release;
		};
		E1AE2A102A5BE65400701F6B /* Debug */ = {
			isa = XCBuildConfiguration;
			buildSettings = {
				ASSETCATALOG_COMPILER_APPICON_NAME = AppIcon;
				ASSETCATALOG_COMPILER_GLOBAL_ACCENT_COLOR_NAME = AccentColor;
				CODE_SIGN_STYLE = Automatic;
				CURRENT_PROJECT_VERSION = 1;
				FRAMEWORK_SEARCH_PATHS = (
					"$(inherited)",
					"$(PROJECT_DIR)/tccc-user-ios-example/framework",
				);
				GENERATE_INFOPLIST_FILE = YES;
				HEADER_SEARCH_PATHS = "$(PROJECT_DIR)/tccc-User-ios-example/framework/TCCCCloud.framework/Headers";
				INFOPLIST_FILE = "tccc-user-ios-example/Info.plist";
				INFOPLIST_KEY_NSMicrophoneUsageDescription = "需要访问您的麦克风才可以正常通话";
				INFOPLIST_KEY_UIApplicationSupportsIndirectInputEvents = YES;
				INFOPLIST_KEY_UILaunchStoryboardName = LaunchScreen;
				INFOPLIST_KEY_UIMainStoryboardFile = Main;
				INFOPLIST_KEY_UISupportedInterfaceOrientations_iPad = "UIInterfaceOrientationPortrait UIInterfaceOrientationPortraitUpsideDown UIInterfaceOrientationLandscapeLeft UIInterfaceOrientationLandscapeRight";
				INFOPLIST_KEY_UISupportedInterfaceOrientations_iPhone = "UIInterfaceOrientationPortrait UIInterfaceOrientationLandscapeLeft UIInterfaceOrientationLandscapeRight";
				IPHONEOS_DEPLOYMENT_TARGET = 11.0;
				LD_RUNPATH_SEARCH_PATHS = (
					"$(inherited)",
					"@executable_path/Frameworks",
				);
				MARKETING_VERSION = 1.0;
				OTHER_LDFLAGS = "";
				PRODUCT_BUNDLE_IDENTIFIER = "com.tencent.tcccsdk.ios.demo.tccc-user-ios-example";
				PRODUCT_NAME = "$(TARGET_NAME)";
				SWIFT_EMIT_LOC_STRINGS = YES;
				TARGETED_DEVICE_FAMILY = "1,2";
			};
			name = Debug;
		};
		E1AE2A112A5BE65400701F6B /* Release */ = {
			isa = XCBuildConfiguration;
			buildSettings = {
				ASSETCATALOG_COMPILER_APPICON_NAME = AppIcon;
				ASSETCATALOG_COMPILER_GLOBAL_ACCENT_COLOR_NAME = AccentColor;
				CODE_SIGN_STYLE = Automatic;
				CURRENT_PROJECT_VERSION = 1;
				FRAMEWORK_SEARCH_PATHS = (
					"$(inherited)",
					"$(PROJECT_DIR)/tccc-user-ios-example/framework",
				);
				GENERATE_INFOPLIST_FILE = YES;
				HEADER_SEARCH_PATHS = "$(PROJECT_DIR)/tccc-User-ios-example/framework/TCCCCloud.framework/Headers";
				INFOPLIST_FILE = "tccc-user-ios-example/Info.plist";
				INFOPLIST_KEY_NSMicrophoneUsageDescription = "需要访问您的麦克风才可以正常通话";
				INFOPLIST_KEY_UIApplicationSupportsIndirectInputEvents = YES;
				INFOPLIST_KEY_UILaunchStoryboardName = LaunchScreen;
				INFOPLIST_KEY_UIMainStoryboardFile = Main;
				INFOPLIST_KEY_UISupportedInterfaceOrientations_iPad = "UIInterfaceOrientationPortrait UIInterfaceOrientationPortraitUpsideDown UIInterfaceOrientationLandscapeLeft UIInterfaceOrientationLandscapeRight";
				INFOPLIST_KEY_UISupportedInterfaceOrientations_iPhone = "UIInterfaceOrientationPortrait UIInterfaceOrientationLandscapeLeft UIInterfaceOrientationLandscapeRight";
				IPHONEOS_DEPLOYMENT_TARGET = 11.0;
				LD_RUNPATH_SEARCH_PATHS = (
					"$(inherited)",
					"@executable_path/Frameworks",
				);
				MARKETING_VERSION = 1.0;
				OTHER_LDFLAGS = "";
				PRODUCT_BUNDLE_IDENTIFIER = "com.tencent.tcccsdk.ios.demo.tccc-user-ios-example";
				PRODUCT_NAME = "$(TARGET_NAME)";
				SWIFT_EMIT_LOC_STRINGS = YES;
				TARGETED_DEVICE_FAMILY = "1,2";
			};
			name = Release;
		};
/* End XCBuildConfiguration section */

/* Begin XCConfigurationList section */
		E1AE29F12A5BE65200701F6B /* Build configuration list for PBXProject "tccc-user-ios-example" */ = {
			isa = XCConfigurationList;
			buildConfigurations = (
				E1AE2A0D2A5BE65400701F6B /* Debug */,
				E1AE2A0E2A5BE65400701F6B /* Release */,
			);
			defaultConfigurationIsVisible = 0;
			defaultConfigurationName = Release;
		};
		E1AE2A0F2A5BE65400701F6B /* Build configuration list for PBXNativeTarget "tccc-user-ios-example" */ = {
			isa = XCConfigurationList;
			buildConfigurations = (
				E1AE2A102A5BE65400701F6B /* Debug */,
				E1AE2A112A5BE65400701F6B /* Release */,
			);
			defaultConfigurationIsVisible = 0;
			defaultConfigurationName = Release;
		};
/* End XCConfigurationList section */
	};
	rootObject = E1AE29EE2A5BE65200701F6B /* Project object */;
}
